
Microsoft Visual Studio Solution File, Format Version 12.00
# Visual Studio Version 16
VisualStudioVersion = 16.0.29920.165
MinimumVisualStudioVersion = 10.0.40219.1
Project("{FAE04EC0-301F-11D3-BF4B-00C04F79EFBC}") = "高主动性的todo清单", "高主动性的todo清单.csproj", "{906A9BDB-2023-4C24-89F2-A6C8D9D5AC75}"
EndProject
Global
	GlobalSection(SolutionConfigurationPlatforms) = preSolution
		Debug|Any CPU = Debug|Any CPU
		Release|Any CPU = Release|Any CPU
	EndGlobalSection
	GlobalSection(ProjectConfigurationPlatforms) = postSolution
		{906A9BDB-2023-4C24-89F2-A6C8D9D5AC75}.Debug|Any CPU.ActiveCfg = Debug|Any CPU
		{906A9BDB-2023-4C24-89F2-A6C8D9D5AC75}.Debug|Any CPU.Build.0 = Debug|Any CPU
		{906A9BDB-2023-4C24-89F2-A6C8D9D5AC75}.Release|Any CPU.ActiveCfg = Release|Any CPU
		{906A9BDB-2023-4C24-89F2-A6C8D9D5AC75}.Release|Any CPU.Build.0 = Release|Any CPU
	EndGlobalSection
	GlobalSection(SolutionProperties) = preSolution
		HideSolutionNode = FALSE
	EndGlobalSection
	GlobalSection(ExtensibilityGlobals) = postSolution
		SolutionGuid = {999A2A8E-860D-42B6-9CF4-61AD8B6D9BD4}
	EndGlobalSection
EndGlobal
